// !$*UTF8*$!
{
	archiveVersion = 1;
	classes = {
	};
	objectVersion = 56;
	objects = {

/* Begin PBXBuildFile section */
		9FACB4FD2C10CE290084A9D2 /* CartViewController.swift in Sources */ = {isa = PBXBuildFile; fileRef = 9FACB4FC2C10CE290084A9D2 /* CartViewController.swift */; };
		9FACB4FF2C10CE580084A9D2 /* CartTableViewCell.swift in Sources */ = {isa = PBXBuildFile; fileRef = 9FACB4FE2C10CE580084A9D2 /* CartTableViewCell.swift */; };
		9FACB5012C10CEA20084A9D2 /* CartManager.swift in Sources */ = {isa = PBXBuildFile; fileRef = 9FACB5002C10CEA20084A9D2 /* CartManager.swift */; };
		9FACB5032C10CEBE0084A9D2 /* CartItem.swift in Sources */ = {isa = PBXBuildFile; fileRef = 9FACB5022C10CEBE0084A9D2 /* CartItem.swift */; };
		9FACB50A2C10D1770084A9D2 /* AddCartViewController.swift in Sources */ = {isa = PBXBuildFile; fileRef = 9FACB5092C10D1770084A9D2 /* AddCartViewController.swift */; };
		9FEAD54C2C0FB1F5002FC7FE /* AppDelegate.swift in Sources */ = {isa = PBXBuildFile; fileRef = 9FEAD54B2C0FB1F5002FC7FE /* AppDelegate.swift */; };
		9FEAD54E2C0FB1F5002FC7FE /* SceneDelegate.swift in Sources */ = {isa = PBXBuildFile; fileRef = 9FEAD54D2C0FB1F5002FC7FE /* SceneDelegate.swift */; };
		9FEAD5502C0FB1F5002FC7FE /* ViewController.swift in Sources */ = {isa = PBXBuildFile; fileRef = 9FEAD54F2C0FB1F5002FC7FE /* ViewController.swift */; };
		9FEAD5552C0FB1F6002FC7FE /* Assets.xcassets in Resources */ = {isa = PBXBuildFile; fileRef = 9FEAD5542C0FB1F6002FC7FE /* Assets.xcassets */; };
		9FEAD5582C0FB1F6002FC7FE /* LaunchScreen.storyboard in Resources */ = {isa = PBXBuildFile; fileRef = 9FEAD5562C0FB1F6002FC7FE /* LaunchScreen.storyboard */; };
		9FEAD5602C0FB3E9002FC7FE /* CollectionViewCell.swift in Sources */ = {isa = PBXBuildFile; fileRef = 9FEAD55F2C0FB3E9002FC7FE /* CollectionViewCell.swift */; };
		9FEAD5632C0FB673002FC7FE /* SnapKit in Frameworks */ = {isa = PBXBuildFile; productRef = 9FEAD5622C0FB673002FC7FE /* SnapKit */; };
		9FEAD5652C0FB673002FC7FE /* SnapKit-Dynamic in Frameworks */ = {isa = PBXBuildFile; productRef = 9FEAD5642C0FB673002FC7FE /* SnapKit-Dynamic */; };
		9FEAD5692C0FB922002FC7FE /* OSExtensions.swift in Sources */ = {isa = PBXBuildFile; fileRef = 9FEAD5682C0FB922002FC7FE /* OSExtensions.swift */; };
		9FEAD56B2C0FC2E0002FC7FE /* ItemModel.swift in Sources */ = {isa = PBXBuildFile; fileRef = 9FEAD56A2C0FC2E0002FC7FE /* ItemModel.swift */; };
		9FEAD56D2C0FC878002FC7FE /* ItemDetailPageViewController.swift in Sources */ = {isa = PBXBuildFile; fileRef = 9FEAD56C2C0FC878002FC7FE /* ItemDetailPageViewController.swift */; };
/* End PBXBuildFile section */

/* Begin PBXFileReference section */
		9FACB4FC2C10CE290084A9D2 /* CartViewController.swift */ = {isa = PBXFileReference; lastKnownFileType = sourcecode.swift; path = CartViewController.swift; sourceTree = "<group>"; };
		9FACB4FE2C10CE580084A9D2 /* CartTableViewCell.swift */ = {isa = PBXFileReference; lastKnownFileType = sourcecode.swift; path = CartTableViewCell.swift; sourceTree = "<group>"; };
		9FACB5002C10CEA20084A9D2 /* CartManager.swift */ = {isa = PBXFileReference; lastKnownFileType = sourcecode.swift; path = CartManager.swift; sourceTree = "<group>"; };
		9FACB5022C10CEBE0084A9D2 /* CartItem.swift */ = {isa = PBXFileReference; lastKnownFileType = sourcecode.swift; path = CartItem.swift; sourceTree = "<group>"; };
		9FACB5092C10D1770084A9D2 /* AddCartViewController.swift */ = {isa = PBXFileReference; lastKnownFileType = sourcecode.swift; path = AddCartViewController.swift; sourceTree = "<group>"; };
		9FEAD5482C0FB1F5002FC7FE /* onlineShop.app */ = {isa = PBXFileReference; explicitFileType = wrapper.application; includeInIndex = 0; path = onlineShop.app; sourceTree = BUILT_PRODUCTS_DIR; };
		9FEAD54B2C0FB1F5002FC7FE /* AppDelegate.swift */ = {isa = PBXFileReference; lastKnownFileType = sourcecode.swift; path = AppDelegate.swift; sourceTree = "<group>"; };
		9FEAD54D2C0FB1F5002FC7FE /* SceneDelegate.swift */ = {isa = PBXFileReference; lastKnownFileType = sourcecode.swift; path = SceneDelegate.swift; sourceTree = "<group>"; };
		9FEAD54F2C0FB1F5002FC7FE /* ViewController.swift */ = {isa = PBXFileReference; lastKnownFileType = sourcecode.swift; path = ViewController.swift; sourceTree = "<group>"; };
		9FEAD5542C0FB1F6002FC7FE /* Assets.xcassets */ = {isa = PBXFileReference; lastKnownFileType = folder.assetcatalog; path = Assets.xcassets; sourceTree = "<group>"; };
		9FEAD5572C0FB1F6002FC7FE /* Base */ = {isa = PBXFileReference; lastKnownFileType = file.storyboard; name = Base; path = Base.lproj/LaunchScreen.storyboard; sourceTree = "<group>"; };
		9FEAD5592C0FB1F6002FC7FE /* Info.plist */ = {isa = PBXFileReference; lastKnownFileType = text.plist.xml; path = Info.plist; sourceTree = "<group>"; };
		9FEAD55F2C0FB3E9002FC7FE /* CollectionViewCell.swift */ = {isa = PBXFileReference; lastKnownFileType = sourcecode.swift; path = CollectionViewCell.swift; sourceTree = "<group>"; };
		9FEAD5682C0FB922002FC7FE /* OSExtensions.swift */ = {isa = PBXFileReference; lastKnownFileType = sourcecode.swift; path = OSExtensions.swift; sourceTree = "<group>"; };
		9FEAD56A2C0FC2E0002FC7FE /* ItemModel.swift */ = {isa = PBXFileReference; lastKnownFileType = sourcecode.swift; path = ItemModel.swift; sourceTree = "<group>"; };
		9FEAD56C2C0FC878002FC7FE /* ItemDetailPageViewController.swift */ = {isa = PBXFileReference; lastKnownFileType = sourcecode.swift; path = ItemDetailPageViewController.swift; sourceTree = "<group>"; };
/* End PBXFileReference section */

/* Begin PBXFrameworksBuildPhase section */
		9FEAD5452C0FB1F5002FC7FE /* Frameworks */ = {
			isa = PBXFrameworksBuildPhase;
			buildActionMask = 2147483647;
			files = (
				9FEAD5632C0FB673002FC7FE /* SnapKit in Frameworks */,
				9FEAD5652C0FB673002FC7FE /* SnapKit-Dynamic in Frameworks */,
			);
			runOnlyForDeploymentPostprocessing = 0;
		};
/* End PBXFrameworksBuildPhase section */

/* Begin PBXGroup section */
		9FACB5042C10D0CD0084A9D2 /* Model */ = {
			isa = PBXGroup;
			children = (
				9FACB5002C10CEA20084A9D2 /* CartManager.swift */,
				9FACB5022C10CEBE0084A9D2 /* CartItem.swift */,
				9FEAD56A2C0FC2E0002FC7FE /* ItemModel.swift */,
			);
			path = Model;
			sourceTree = "<group>";
		};
		9FACB5052C10D0D40084A9D2 /* Controller */ = {
			isa = PBXGroup;
			children = (
				9FACB4FC2C10CE290084A9D2 /* CartViewController.swift */,
				9FEAD56C2C0FC878002FC7FE /* ItemDetailPageViewController.swift */,
				9FEAD54F2C0FB1F5002FC7FE /* ViewController.swift */,
				9FACB5092C10D1770084A9D2 /* AddCartViewController.swift */,
			);
			path = Controller;
			sourceTree = "<group>";
		};
		9FACB5062C10D0E80084A9D2 /* Resources */ = {
			isa = PBXGroup;
			children = (
				9FACB5072C10D1030084A9D2 /* Extensions */,
				9FEAD5562C0FB1F6002FC7FE /* LaunchScreen.storyboard */,
				9FEAD5542C0FB1F6002FC7FE /* Assets.xcassets */,
			);
			path = Resources;
			sourceTree = "<group>";
		};
		9FACB5072C10D1030084A9D2 /* Extensions */ = {
			isa = PBXGroup;
			children = (
				9FEAD5682C0FB922002FC7FE /* OSExtensions.swift */,
			);
			path = Extensions;
			sourceTree = "<group>";
		};
		9FACB5082C10D12D0084A9D2 /* View */ = {
			isa = PBXGroup;
			children = (
				9FEAD55F2C0FB3E9002FC7FE /* CollectionViewCell.swift */,
				9FACB4FE2C10CE580084A9D2 /* CartTableViewCell.swift */,
			);
			path = View;
			sourceTree = "<group>";
		};
		9FEAD53F2C0FB1F5002FC7FE = {
			isa = PBXGroup;
			children = (
				9FEAD54A2C0FB1F5002FC7FE /* onlineShop */,
				9FEAD5492C0FB1F5002FC7FE /* Products */,
			);
			sourceTree = "<group>";
		};
		9FEAD5492C0FB1F5002FC7FE /* Products */ = {
			isa = PBXGroup;
			children = (
				9FEAD5482C0FB1F5002FC7FE /* onlineShop.app */,
			);
			name = Products;
			sourceTree = "<group>";
		};
		9FEAD54A2C0FB1F5002FC7FE /* onlineShop */ = {
			isa = PBXGroup;
			children = (
				9FEAD54D2C0FB1F5002FC7FE /* SceneDelegate.swift */,
				9FEAD54B2C0FB1F5002FC7FE /* AppDelegate.swift */,
				9FEAD5592C0FB1F6002FC7FE /* Info.plist */,
				9FACB5082C10D12D0084A9D2 /* View */,
				9FACB5062C10D0E80084A9D2 /* Resources */,
				9FACB5052C10D0D40084A9D2 /* Controller */,
				9FACB5042C10D0CD0084A9D2 /* Model */,
			);
			path = onlineShop;
			sourceTree = "<group>";
		};
/* End PBXGroup section */

/* Begin PBXNativeTarget section */
		9FEAD5472C0FB1F5002FC7FE /* onlineShop */ = {
			isa = PBXNativeTarget;
			buildConfigurationList = 9FEAD55C2C0FB1F6002FC7FE /* Build configuration list for PBXNativeTarget "onlineShop" */;
			buildPhases = (
				9FEAD5442C0FB1F5002FC7FE /* Sources */,
				9FEAD5452C0FB1F5002FC7FE /* Frameworks */,
				9FEAD5462C0FB1F5002FC7FE /* Resources */,
			);
			buildRules = (
			);
			dependencies = (
			);
			name = onlineShop;
			packageProductDependencies = (
				9FEAD5622C0FB673002FC7FE /* SnapKit */,
				9FEAD5642C0FB673002FC7FE /* SnapKit-Dynamic */,
			);
			productName = onlineShop;
			productReference = 9FEAD5482C0FB1F5002FC7FE /* onlineShop.app */;
			productType = "com.apple.product-type.application";
		};
/* End PBXNativeTarget section */

/* Begin PBXProject section */
		9FEAD5402C0FB1F5002FC7FE /* Project object */ = {
			isa = PBXProject;
			attributes = {
				BuildIndependentTargetsInParallel = 1;
				LastSwiftUpdateCheck = 1500;
				LastUpgradeCheck = 1500;
				TargetAttributes = {
					9FEAD5472C0FB1F5002FC7FE = {
						CreatedOnToolsVersion = 15.0.1;
					};
				};
			};
			buildConfigurationList = 9FEAD5432C0FB1F5002FC7FE /* Build configuration list for PBXProject "onlineShop" */;
			compatibilityVersion = "Xcode 14.0";
			developmentRegion = en;
			hasScannedForEncodings = 0;
			knownRegions = (
				en,
				Base,
			);
			mainGroup = 9FEAD53F2C0FB1F5002FC7FE;
			packageReferences = (
				9FEAD5612C0FB673002FC7FE /* XCRemoteSwiftPackageReference "SnapKit" */,
			);
			productRefGroup = 9FEAD5492C0FB1F5002FC7FE /* Products */;
			projectDirPath = "";
			projectRoot = "";
			targets = (
				9FEAD5472C0FB1F5002FC7FE /* onlineShop */,
			);
		};
/* End PBXProject section */

/* Begin PBXResourcesBuildPhase section */
		9FEAD5462C0FB1F5002FC7FE /* Resources */ = {
			isa = PBXResourcesBuildPhase;
			buildActionMask = 2147483647;
			files = (
				9FEAD5582C0FB1F6002FC7FE /* LaunchScreen.storyboard in Resources */,
				9FEAD5552C0FB1F6002FC7FE /* Assets.xcassets in Resources */,
			);
			runOnlyForDeploymentPostprocessing = 0;
		};
/* End PBXResourcesBuildPhase section */

/* Begin PBXSourcesBuildPhase section */
		9FEAD5442C0FB1F5002FC7FE /* Sources */ = {
			isa = PBXSourcesBuildPhase;
			buildActionMask = 2147483647;
			files = (
				9FEAD56B2C0FC2E0002FC7FE /* ItemModel.swift in Sources */,
				9FEAD56D2C0FC878002FC7FE /* ItemDetailPageViewController.swift in Sources */,
				9FACB5032C10CEBE0084A9D2 /* CartItem.swift in Sources */,
				9FEAD5502C0FB1F5002FC7FE /* ViewController.swift in Sources */,
				9FACB50A2C10D1770084A9D2 /* AddCartViewController.swift in Sources */,
				9FACB4FF2C10CE580084A9D2 /* CartTableViewCell.swift in Sources */,
				9FEAD54C2C0FB1F5002FC7FE /* AppDelegate.swift in Sources */,
				9FACB5012C10CEA20084A9D2 /* CartManager.swift in Sources */,
				9FACB4FD2C10CE290084A9D2 /* CartViewController.swift in Sources */,
				9FEAD5602C0FB3E9002FC7FE /* CollectionViewCell.swift in Sources */,
				9FEAD54E2C0FB1F5002FC7FE /* SceneDelegate.swift in Sources */,
				9FEAD5692C0FB922002FC7FE /* OSExtensions.swift in Sources */,
			);
			runOnlyForDeploymentPostprocessing = 0;
		};
/* End PBXSourcesBuildPhase section */

/* Begin PBXVariantGroup section */
		9FEAD5562C0FB1F6002FC7FE /* LaunchScreen.storyboard */ = {
			isa = PBXVariantGroup;
			children = (
				9FEAD5572C0FB1F6002FC7FE /* Base */,
			);
			name = LaunchScreen.storyboard;
			sourceTree = "<group>";
		};
/* End PBXVariantGroup section */

/* Begin XCBuildConfiguration section */
		9FEAD55A2C0FB1F6002FC7FE /* Debug */ = {
			isa = XCBuildConfiguration;
			buildSettings = {
				ALWAYS_SEARCH_USER_PATHS = NO;
				ASSETCATALOG_COMPILER_GENERATE_SWIFT_ASSET_SYMBOL_EXTENSIONS = YES;
				CLANG_ANALYZER_NONNULL = YES;
				CLANG_ANALYZER_NUMBER_OBJECT_CONVERSION = YES_AGGRESSIVE;
				CLANG_CXX_LANGUAGE_STANDARD = "gnu++20";
				CLANG_ENABLE_MODULES = YES;
				CLANG_ENABLE_OBJC_ARC = YES;
				CLANG_ENABLE_OBJC_WEAK = YES;
				CLANG_WARN_BLOCK_CAPTURE_AUTORELEASING = YES;
				CLANG_WARN_BOOL_CONVERSION = YES;
				CLANG_WARN_COMMA = YES;
				CLANG_WARN_CONSTANT_CONVERSION = YES;
				CLANG_WARN_DEPRECATED_OBJC_IMPLEMENTATIONS = YES;
				CLANG_WARN_DIRECT_OBJC_ISA_USAGE = YES_ERROR;
				CLANG_WARN_DOCUMENTATION_COMMENTS = YES;
				CLANG_WARN_EMPTY_BODY = YES;
				CLANG_WARN_ENUM_CONVERSION = YES;
				CLANG_WARN_INFINITE_RECURSION = YES;
				CLANG_WARN_INT_CONVERSION = YES;
				CLANG_WARN_NON_LITERAL_NULL_CONVERSION = YES;
				CLANG_WARN_OBJC_IMPLICIT_RETAIN_SELF = YES;
				CLANG_WARN_OBJC_LITERAL_CONVERSION = YES;
				CLANG_WARN_OBJC_ROOT_CLASS = YES_ERROR;
				CLANG_WARN_QUOTED_INCLUDE_IN_FRAMEWORK_HEADER = YES;
				CLANG_WARN_RANGE_LOOP_ANALYSIS = YES;
				CLANG_WARN_STRICT_PROTOTYPES = YES;
				CLANG_WARN_SUSPICIOUS_MOVE = YES;
				CLANG_WARN_UNGUARDED_AVAILABILITY = YES_AGGRESSIVE;
				CLANG_WARN_UNREACHABLE_CODE = YES;
				CLANG_WARN__DUPLICATE_METHOD_MATCH = YES;
				COPY_PHASE_STRIP = NO;
				DEBUG_INFORMATION_FORMAT = dwarf;
				ENABLE_STRICT_OBJC_MSGSEND = YES;
				ENABLE_TESTABILITY = YES;
				ENABLE_USER_SCRIPT_SANDBOXING = YES;
				GCC_C_LANGUAGE_STANDARD = gnu17;
				GCC_DYNAMIC_NO_PIC = NO;
				GCC_NO_COMMON_BLOCKS = YES;
				GCC_OPTIMIZATION_LEVEL = 0;
				GCC_PREPROCESSOR_DEFINITIONS = (
					"DEBUG=1",
					"$(inherited)",
				);
				GCC_WARN_64_TO_32_BIT_CONVERSION = YES;
				GCC_WARN_ABOUT_RETURN_TYPE = YES_ERROR;
				GCC_WARN_UNDECLARED_SELECTOR = YES;
				GCC_WARN_UNINITIALIZED_AUTOS = YES_AGGRESSIVE;
				GCC_WARN_UNUSED_FUNCTION = YES;
				GCC_WARN_UNUSED_VARIABLE = YES;
				IPHONEOS_DEPLOYMENT_TARGET = 17.0;
				LOCALIZATION_PREFERS_STRING_CATALOGS = YES;
				MTL_ENABLE_DEBUG_INFO = INCLUDE_SOURCE;
				MTL_FAST_MATH = YES;
				ONLY_ACTIVE_ARCH = YES;
				SDKROOT = iphoneos;
				SWIFT_ACTIVE_COMPILATION_CONDITIONS = "DEBUG $(inherited)";
				SWIFT_OPTIMIZATION_LEVEL = "-Onone";
			};
			name = Debug;
		};
		9FEAD55B2C0FB1F6002FC7FE /* Release */ = {
			isa = XCBuildConfiguration;
			buildSettings = {
				ALWAYS_SEARCH_USER_PATHS = NO;
				ASSETCATALOG_COMPILER_GENERATE_SWIFT_ASSET_SYMBOL_EXTENSIONS = YES;
				CLANG_ANALYZER_NONNULL = YES;
				CLANG_ANALYZER_NUMBER_OBJECT_CONVERSION = YES_AGGRESSIVE;
				CLANG_CXX_LANGUAGE_STANDARD = "gnu++20";
				CLANG_ENABLE_MODULES = YES;
				CLANG_ENABLE_OBJC_ARC = YES;
				CLANG_ENABLE_OBJC_WEAK = YES;
				CLANG_WARN_BLOCK_CAPTURE_AUTORELEASING = YES;
				CLANG_WARN_BOOL_CONVERSION = YES;
				CLANG_WARN_COMMA = YES;
				CLANG_WARN_CONSTANT_CONVERSION = YES;
				CLANG_WARN_DEPRECATED_OBJC_IMPLEMENTATIONS = YES;
				CLANG_WARN_DIRECT_OBJC_ISA_USAGE = YES_ERROR;
				CLANG_WARN_DOCUMENTATION_COMMENTS = YES;
				CLANG_WARN_EMPTY_BODY = YES;
				CLANG_WARN_ENUM_CONVERSION = YES;
				CLANG_WARN_INFINITE_RECURSION = YES;
				CLANG_WARN_INT_CONVERSION = YES;
				CLANG_WARN_NON_LITERAL_NULL_CONVERSION = YES;
				CLANG_WARN_OBJC_IMPLICIT_RETAIN_SELF = YES;
				CLANG_WARN_OBJC_LITERAL_CONVERSION = YES;
				CLANG_WARN_OBJC_ROOT_CLASS = YES_ERROR;
				CLANG_WARN_QUOTED_INCLUDE_IN_FRAMEWORK_HEADER = YES;
				CLANG_WARN_RANGE_LOOP_ANALYSIS = YES;
				CLANG_WARN_STRICT_PROTOTYPES = YES;
				CLANG_WARN_SUSPICIOUS_MOVE = YES;
				CLANG_WARN_UNGUARDED_AVAILABILITY = YES_AGGRESSIVE;
				CLANG_WARN_UNREACHABLE_CODE = YES;
				CLANG_WARN__DUPLICATE_METHOD_MATCH = YES;
				COPY_PHASE_STRIP = NO;
				DEBUG_INFORMATION_FORMAT = "dwarf-with-dsym";
				ENABLE_NS_ASSERTIONS = NO;
				ENABLE_STRICT_OBJC_MSGSEND = YES;
				ENABLE_USER_SCRIPT_SANDBOXING = YES;
				GCC_C_LANGUAGE_STANDARD = gnu17;
				GCC_NO_COMMON_BLOCKS = YES;
				GCC_WARN_64_TO_32_BIT_CONVERSION = YES;
				GCC_WARN_ABOUT_RETURN_TYPE = YES_ERROR;
				GCC_WARN_UNDECLARED_SELECTOR = YES;
				GCC_WARN_UNINITIALIZED_AUTOS = YES_AGGRESSIVE;
				GCC_WARN_UNUSED_FUNCTION = YES;
				GCC_WARN_UNUSED_VARIABLE = YES;
				IPHONEOS_DEPLOYMENT_TARGET = 17.0;
				LOCALIZATION_PREFERS_STRING_CATALOGS = YES;
				MTL_ENABLE_DEBUG_INFO = NO;
				MTL_FAST_MATH = YES;
				SDKROOT = iphoneos;
				SWIFT_COMPILATION_MODE = wholemodule;
				VALIDATE_PRODUCT = YES;
			};
			name = Release;
		};
		9FEAD55D2C0FB1F6002FC7FE /* Debug */ = {
			isa = XCBuildConfiguration;
			buildSettings = {
				ASSETCATALOG_COMPILER_APPICON_NAME = AppIcon;
				ASSETCATALOG_COMPILER_GLOBAL_ACCENT_COLOR_NAME = AccentColor;
				CODE_SIGN_STYLE = Automatic;
				CURRENT_PROJECT_VERSION = 1;
				GENERATE_INFOPLIST_FILE = YES;
				INFOPLIST_FILE = onlineShop/Info.plist;
				INFOPLIST_KEY_UIApplicationSupportsIndirectInputEvents = YES;
				INFOPLIST_KEY_UILaunchStoryboardName = LaunchScreen;
				INFOPLIST_KEY_UISupportedInterfaceOrientations_iPad = "UIInterfaceOrientationPortrait UIInterfaceOrientationPortraitUpsideDown UIInterfaceOrientationLandscapeLeft UIInterfaceOrientationLandscapeRight";
				INFOPLIST_KEY_UISupportedInterfaceOrientations_iPhone = "UIInterfaceOrientationPortrait UIInterfaceOrientationLandscapeLeft UIInterfaceOrientationLandscapeRight";
				LD_RUNPATH_SEARCH_PATHS = (
					"$(inherited)",
					"@executable_path/Frameworks",
				);
				MARKETING_VERSION = 1.0;
				PRODUCT_BUNDLE_IDENTIFIER = onlineShop.onlineShop;
				PRODUCT_NAME = "$(TARGET_NAME)";
				SWIFT_EMIT_LOC_STRINGS = YES;
				SWIFT_VERSION = 5.0;
				TARGETED_DEVICE_FAMILY = "1,2";
			};
			name = Debug;
		};
		9FEAD55E2C0FB1F6002FC7FE /* Release */ = {
			isa = XCBuildConfiguration;
			buildSettings = {
				ASSETCATALOG_COMPILER_APPICON_NAME = AppIcon;
				ASSETCATALOG_COMPILER_GLOBAL_ACCENT_COLOR_NAME = AccentColor;
				CODE_SIGN_STYLE = Automatic;
				CURRENT_PROJECT_VERSION = 1;
				GENERATE_INFOPLIST_FILE = YES;
				INFOPLIST_FILE = onlineShop/Info.plist;
				INFOPLIST_KEY_UIApplicationSupportsIndirectInputEvents = YES;
				INFOPLIST_KEY_UILaunchStoryboardName = LaunchScreen;
				INFOPLIST_KEY_UISupportedInterfaceOrientations_iPad = "UIInterfaceOrientationPortrait UIInterfaceOrientationPortraitUpsideDown UIInterfaceOrientationLandscapeLeft UIInterfaceOrientationLandscapeRight";
				INFOPLIST_KEY_UISupportedInterfaceOrientations_iPhone = "UIInterfaceOrientationPortrait UIInterfaceOrientationLandscapeLeft UIInterfaceOrientationLandscapeRight";
				LD_RUNPATH_SEARCH_PATHS = (
					"$(inherited)",
					"@executable_path/Frameworks",
				);
				MARKETING_VERSION = 1.0;
				PRODUCT_BUNDLE_IDENTIFIER = onlineShop.onlineShop;
				PRODUCT_NAME = "$(TARGET_NAME)";
				SWIFT_EMIT_LOC_STRINGS = YES;
				SWIFT_VERSION = 5.0;
				TARGETED_DEVICE_FAMILY = "1,2";
			};
			name = Release;
		};
/* End XCBuildConfiguration section */

/* Begin XCConfigurationList section */
		9FEAD5432C0FB1F5002FC7FE /* Build configuration list for PBXProject "onlineShop" */ = {
			isa = XCConfigurationList;
			buildConfigurations = (
				9FEAD55A2C0FB1F6002FC7FE /* Debug */,
				9FEAD55B2C0FB1F6002FC7FE /* Release */,
			);
			defaultConfigurationIsVisible = 0;
			defaultConfigurationName = Release;
		};
		9FEAD55C2C0FB1F6002FC7FE /* Build configuration list for PBXNativeTarget "onlineShop" */ = {
			isa = XCConfigurationList;
			buildConfigurations = (
				9FEAD55D2C0FB1F6002FC7FE /* Debug */,
				9FEAD55E2C0FB1F6002FC7FE /* Release */,
			);
			defaultConfigurationIsVisible = 0;
			defaultConfigurationName = Release;
		};
/* End XCConfigurationList section */

/* Begin XCRemoteSwiftPackageReference section */
		9FEAD5612C0FB673002FC7FE /* XCRemoteSwiftPackageReference "SnapKit" */ = {
			isa = XCRemoteSwiftPackageReference;
			repositoryURL = "https://github.com/SnapKit/SnapKit.git";
			requirement = {
				kind = upToNextMajorVersion;
				minimumVersion = 5.7.1;
			};
		};
/* End XCRemoteSwiftPackageReference section */

/* Begin XCSwiftPackageProductDependency section */
		9FEAD5622C0FB673002FC7FE /* SnapKit */ = {
			isa = XCSwiftPackageProductDependency;
			package = 9FEAD5612C0FB673002FC7FE /* XCRemoteSwiftPackageReference "SnapKit" */;
			productName = SnapKit;
		};
		9FEAD5642C0FB673002FC7FE /* SnapKit-Dynamic */ = {
			isa = XCSwiftPackageProductDependency;
			package = 9FEAD5612C0FB673002FC7FE /* XCRemoteSwiftPackageReference "SnapKit" */;
			productName = "SnapKit-Dynamic";
		};
/* End XCSwiftPackageProductDependency section */
	};
	rootObject = 9FEAD5402C0FB1F5002FC7FE /* Project object */;
}
